
Microsoft Visual Studio Solution File, Format Version 12.00
Project("{2150E333-8FDC-42A3-9474-1A3956D46DE8}") = "AtCoder Beginners Selection", "AtCoder Beginners Selection", "{198D5F30-F73E-4B08-B97E-5AE348E1385B}"
EndProject
Project("{FAE04EC0-301F-11D3-BF4B-00C04F79EFBC}") = "PracticeA", "PracticeA\PracticeA.csproj", "{F844E0F5-16C9-479A-AB8A-47D2C52DCF3F}"
EndProject
Project("{FAE04EC0-301F-11D3-BF4B-00C04F79EFBC}") = "ABC086A", "ABC086A\ABC086A.csproj", "{914E38AF-7E33-409C-B8BB-07E148358F51}"
EndProject
Project("{FAE04EC0-301F-11D3-BF4B-00C04F79EFBC}") = "ABC081A", "ABC081A\ABC081A.csproj", "{B0116DB3-136B-4E00-8342-097529D177C1}"
EndProject
Project("{FAE04EC0-301F-11D3-BF4B-00C04F79EFBC}") = "ABC081B", "ABC081B\ABC081B.csproj", "{4852B9EA-3245-49F1-B2C3-ADC754813E99}"
EndProject
Project("{FAE04EC0-301F-11D3-BF4B-00C04F79EFBC}") = "ABC087B", "ABC087B\ABC087B.csproj", "{F79282C8-1089-4F10-84B4-165315A67BC2}"
EndProject
Project("{FAE04EC0-301F-11D3-BF4B-00C04F79EFBC}") = "ABC083B", "ABC083B\ABC083B.csproj", "{2F02660A-B423-4DF3-87BE-62A88904217B}"
EndProject
Project("{FAE04EC0-301F-11D3-BF4B-00C04F79EFBC}") = "ABC088B", "ABC088B\ABC088B.csproj", "{D7E48827-7950-479E-BCBB-817A73FB192F}"
EndProject
Project("{FAE04EC0-301F-11D3-BF4B-00C04F79EFBC}") = "ABC085B", "ABC085B\ABC085B.csproj", "{75226456-D297-4842-92A4-29EFB25A5034}"
EndProject
Project("{FAE04EC0-301F-11D3-BF4B-00C04F79EFBC}") = "ABC085C", "ABC085C\ABC085C.csproj", "{02B67018-D0B4-404A-89D5-FC7812D5B643}"
EndProject
Project("{FAE04EC0-301F-11D3-BF4B-00C04F79EFBC}") = "ABC049C", "ABC049C\ABC049C.csproj", "{D32B56D7-3F43-4D89-A1D5-532828475CDB}"
EndProject
Global
	GlobalSection(SolutionConfigurationPlatforms) = preSolution
		Debug|Any CPU = Debug|Any CPU
		Release|Any CPU = Release|Any CPU
	EndGlobalSection
	GlobalSection(ProjectConfigurationPlatforms) = postSolution
		{F844E0F5-16C9-479A-AB8A-47D2C52DCF3F}.Debug|Any CPU.ActiveCfg = Debug|Any CPU
		{F844E0F5-16C9-479A-AB8A-47D2C52DCF3F}.Debug|Any CPU.Build.0 = Debug|Any CPU
		{F844E0F5-16C9-479A-AB8A-47D2C52DCF3F}.Release|Any CPU.ActiveCfg = Release|Any CPU
		{F844E0F5-16C9-479A-AB8A-47D2C52DCF3F}.Release|Any CPU.Build.0 = Release|Any CPU
		{914E38AF-7E33-409C-B8BB-07E148358F51}.Debug|Any CPU.ActiveCfg = Debug|Any CPU
		{914E38AF-7E33-409C-B8BB-07E148358F51}.Debug|Any CPU.Build.0 = Debug|Any CPU
		{914E38AF-7E33-409C-B8BB-07E148358F51}.Release|Any CPU.ActiveCfg = Release|Any CPU
		{914E38AF-7E33-409C-B8BB-07E148358F51}.Release|Any CPU.Build.0 = Release|Any CPU
		{B0116DB3-136B-4E00-8342-097529D177C1}.Debug|Any CPU.ActiveCfg = Debug|Any CPU
		{B0116DB3-136B-4E00-8342-097529D177C1}.Debug|Any CPU.Build.0 = Debug|Any CPU
		{B0116DB3-136B-4E00-8342-097529D177C1}.Release|Any CPU.ActiveCfg = Release|Any CPU
		{B0116DB3-136B-4E00-8342-097529D177C1}.Release|Any CPU.Build.0 = Release|Any CPU
		{4852B9EA-3245-49F1-B2C3-ADC754813E99}.Debug|Any CPU.ActiveCfg = Debug|Any CPU
		{4852B9EA-3245-49F1-B2C3-ADC754813E99}.Debug|Any CPU.Build.0 = Debug|Any CPU
		{4852B9EA-3245-49F1-B2C3-ADC754813E99}.Release|Any CPU.ActiveCfg = Release|Any CPU
		{4852B9EA-3245-49F1-B2C3-ADC754813E99}.Release|Any CPU.Build.0 = Release|Any CPU
		{F79282C8-1089-4F10-84B4-165315A67BC2}.Debug|Any CPU.ActiveCfg = Debug|Any CPU
		{F79282C8-1089-4F10-84B4-165315A67BC2}.Debug|Any CPU.Build.0 = Debug|Any CPU
		{F79282C8-1089-4F10-84B4-165315A67BC2}.Release|Any CPU.ActiveCfg = Release|Any CPU
		{F79282C8-1089-4F10-84B4-165315A67BC2}.Release|Any CPU.Build.0 = Release|Any CPU
		{2F02660A-B423-4DF3-87BE-62A88904217B}.Debug|Any CPU.ActiveCfg = Debug|Any CPU
		{2F02660A-B423-4DF3-87BE-62A88904217B}.Debug|Any CPU.Build.0 = Debug|Any CPU
		{2F02660A-B423-4DF3-87BE-62A88904217B}.Release|Any CPU.ActiveCfg = Release|Any CPU
		{2F02660A-B423-4DF3-87BE-62A88904217B}.Release|Any CPU.Build.0 = Release|Any CPU
		{D7E48827-7950-479E-BCBB-817A73FB192F}.Debug|Any CPU.ActiveCfg = Debug|Any CPU
		{D7E48827-7950-479E-BCBB-817A73FB192F}.Debug|Any CPU.Build.0 = Debug|Any CPU
		{D7E48827-7950-479E-BCBB-817A73FB192F}.Release|Any CPU.ActiveCfg = Release|Any CPU
		{D7E48827-7950-479E-BCBB-817A73FB192F}.Release|Any CPU.Build.0 = Release|Any CPU
		{75226456-D297-4842-92A4-29EFB25A5034}.Debug|Any CPU.ActiveCfg = Debug|Any CPU
		{75226456-D297-4842-92A4-29EFB25A5034}.Debug|Any CPU.Build.0 = Debug|Any CPU
		{75226456-D297-4842-92A4-29EFB25A5034}.Release|Any CPU.ActiveCfg = Release|Any CPU
		{75226456-D297-4842-92A4-29EFB25A5034}.Release|Any CPU.Build.0 = Release|Any CPU
		{02B67018-D0B4-404A-89D5-FC7812D5B643}.Debug|Any CPU.ActiveCfg = Debug|Any CPU
		{02B67018-D0B4-404A-89D5-FC7812D5B643}.Debug|Any CPU.Build.0 = Debug|Any CPU
		{02B67018-D0B4-404A-89D5-FC7812D5B643}.Release|Any CPU.ActiveCfg = Release|Any CPU
		{02B67018-D0B4-404A-89D5-FC7812D5B643}.Release|Any CPU.Build.0 = Release|Any CPU
		{D32B56D7-3F43-4D89-A1D5-532828475CDB}.Debug|Any CPU.ActiveCfg = Debug|Any CPU
		{D32B56D7-3F43-4D89-A1D5-532828475CDB}.Debug|Any CPU.Build.0 = Debug|Any CPU
		{D32B56D7-3F43-4D89-A1D5-532828475CDB}.Release|Any CPU.ActiveCfg = Release|Any CPU
		{D32B56D7-3F43-4D89-A1D5-532828475CDB}.Release|Any CPU.Build.0 = Release|Any CPU
	EndGlobalSection
	GlobalSection(NestedProjects) = preSolution
		{F844E0F5-16C9-479A-AB8A-47D2C52DCF3F} = {198D5F30-F73E-4B08-B97E-5AE348E1385B}
		{914E38AF-7E33-409C-B8BB-07E148358F51} = {198D5F30-F73E-4B08-B97E-5AE348E1385B}
		{B0116DB3-136B-4E00-8342-097529D177C1} = {198D5F30-F73E-4B08-B97E-5AE348E1385B}
		{4852B9EA-3245-49F1-B2C3-ADC754813E99} = {198D5F30-F73E-4B08-B97E-5AE348E1385B}
		{F79282C8-1089-4F10-84B4-165315A67BC2} = {198D5F30-F73E-4B08-B97E-5AE348E1385B}
		{2F02660A-B423-4DF3-87BE-62A88904217B} = {198D5F30-F73E-4B08-B97E-5AE348E1385B}
		{D7E48827-7950-479E-BCBB-817A73FB192F} = {198D5F30-F73E-4B08-B97E-5AE348E1385B}
		{75226456-D297-4842-92A4-29EFB25A5034} = {198D5F30-F73E-4B08-B97E-5AE348E1385B}
		{02B67018-D0B4-404A-89D5-FC7812D5B643} = {198D5F30-F73E-4B08-B97E-5AE348E1385B}
		{D32B56D7-3F43-4D89-A1D5-532828475CDB} = {198D5F30-F73E-4B08-B97E-5AE348E1385B}
	EndGlobalSection
EndGlobal
